# This file is autogenerated, do not edit; changes may be undone by the next 'dep ensure'.


[[projects]]
  name = "github.com/bradleyjkemp/cupaloy"
  packages = ["."]
  revision = "6beff3cebcaae538bba80223de5cfbefd2baf035"
  version = "v2.2.0"

[[projects]]
  name = "github.com/davecgh/go-spew"
  packages = ["spew"]
  revision = "346938d642f2ec3594ed81d874461961cd0faa76"
  version = "v1.1.0"

[[projects]]
  name = "github.com/pmezard/go-difflib"
  packages = ["difflib"]
  revision = "792786c7400a136282c1664665ae0a8db921c6c2"
  version = "v1.0.0"

[solve-meta]
  analyzer-name = "dep"
  analyzer-version = 1
  inputs-digest = "23a8fec6f00b6089f6f96a146c24c630fc34f63e307d4f6324b7e4180790a44d"
  solver-name = "gps-cdcl"
  solver-version = 1
